
Microsoft Visual Studio Solution File, Format Version 12.00
# Visual Studio 14
VisualStudioVersion = 14.0.25123.0
MinimumVisualStudioVersion = 10.0.40219.1
Project("{FAE04EC0-301F-11D3-BF4B-00C04F79EFBC}") = "DarkSoulsII", "DarkSoulsII\DarkSoulsII.csproj", "{BF4F0413-AEC5-437C-8B1D-3B7CAB25E89A}"
EndProject
Project("{FAE04EC0-301F-11D3-BF4B-00C04F79EFBC}") = "DataAccess", "DataAccess\DataAccess.csproj", "{0EDACC6A-5BD8-4D53-8F8C-8797C44C66C4}"
EndProject
Project("{FAE04EC0-301F-11D3-BF4B-00C04F79EFBC}") = "Model", "Model\Model.csproj", "{84BD1092-3C8F-45AB-A862-EBD10BEEA471}"
EndProject
Global
	GlobalSection(SolutionConfigurationPlatforms) = preSolution
		Debug|Any CPU = Debug|Any CPU
		Release|Any CPU = Release|Any CPU
	EndGlobalSection
	GlobalSection(ProjectConfigurationPlatforms) = postSolution
		{BF4F0413-AEC5-437C-8B1D-3B7CAB25E89A}.Debug|Any CPU.ActiveCfg = Debug|Any CPU
		{BF4F0413-AEC5-437C-8B1D-3B7CAB25E89A}.Debug|Any CPU.Build.0 = Debug|Any CPU
		{BF4F0413-AEC5-437C-8B1D-3B7CAB25E89A}.Release|Any CPU.ActiveCfg = Release|Any CPU
		{BF4F0413-AEC5-437C-8B1D-3B7CAB25E89A}.Release|Any CPU.Build.0 = Release|Any CPU
		{0EDACC6A-5BD8-4D53-8F8C-8797C44C66C4}.Debug|Any CPU.ActiveCfg = Debug|Any CPU
		{0EDACC6A-5BD8-4D53-8F8C-8797C44C66C4}.Debug|Any CPU.Build.0 = Debug|Any CPU
		{0EDACC6A-5BD8-4D53-8F8C-8797C44C66C4}.Release|Any CPU.ActiveCfg = Release|Any CPU
		{0EDACC6A-5BD8-4D53-8F8C-8797C44C66C4}.Release|Any CPU.Build.0 = Release|Any CPU
		{84BD1092-3C8F-45AB-A862-EBD10BEEA471}.Debug|Any CPU.ActiveCfg = Debug|Any CPU
		{84BD1092-3C8F-45AB-A862-EBD10BEEA471}.Debug|Any CPU.Build.0 = Debug|Any CPU
		{84BD1092-3C8F-45AB-A862-EBD10BEEA471}.Release|Any CPU.ActiveCfg = Release|Any CPU
		{84BD1092-3C8F-45AB-A862-EBD10BEEA471}.Release|Any CPU.Build.0 = Release|Any CPU
	EndGlobalSection
	GlobalSection(SolutionProperties) = preSolution
		HideSolutionNode = FALSE
	EndGlobalSection
EndGlobal
